// !$*UTF8*$!
{
	archiveVersion = 1;
	classes = {
	};
	objectVersion = 46;
	objects = {

/* Begin PBXBuildFile section */
		3FF62BB75047E41124DBD24E /* Pods_MFPlayer.framework in Frameworks */ = {isa = PBXBuildFile; fileRef = 25763D093DAB7F031B1F4FC6 /* Pods_MFPlayer.framework */; };
		E22BA03A1D533A92004DEDA4 /* TencentNewsViewController.m in Sources */ = {isa = PBXBuildFile; fileRef = E22BA0381D533A92004DEDA4 /* TencentNewsViewController.m */; };
		E22BA03B1D533A92004DEDA4 /* TencentNewsViewController.xib in Resources */ = {isa = PBXBuildFile; fileRef = E22BA0391D533A92004DEDA4 /* TencentNewsViewController.xib */; };
		E22BA03F1D533BD3004DEDA4 /* VideoCell.m in Sources */ = {isa = PBXBuildFile; fileRef = E22BA03D1D533BD3004DEDA4 /* VideoCell.m */; };
		E22BA0401D533BD3004DEDA4 /* VideoCell.xib in Resources */ = {isa = PBXBuildFile; fileRef = E22BA03E1D533BD3004DEDA4 /* VideoCell.xib */; };
		E22BA0441D53427F004DEDA4 /* MFPlayer.m in Sources */ = {isa = PBXBuildFile; fileRef = E22BA0431D53427F004DEDA4 /* MFPlayer.m */; };
		E22BA0461D534C71004DEDA4 /* MFPlayer.bundle in Resources */ = {isa = PBXBuildFile; fileRef = E22BA0451D534C71004DEDA4 /* MFPlayer.bundle */; };
		E29239F11D53192B0058BAC6 /* main.m in Sources */ = {isa = PBXBuildFile; fileRef = E29239F01D53192B0058BAC6 /* main.m */; };
		E29239F41D53192B0058BAC6 /* AppDelegate.m in Sources */ = {isa = PBXBuildFile; fileRef = E29239F31D53192B0058BAC6 /* AppDelegate.m */; };
		E29239FC1D53192B0058BAC6 /* Assets.xcassets in Resources */ = {isa = PBXBuildFile; fileRef = E29239FB1D53192B0058BAC6 /* Assets.xcassets */; };
		E29239FF1D53192B0058BAC6 /* LaunchScreen.storyboard in Resources */ = {isa = PBXBuildFile; fileRef = E29239FD1D53192B0058BAC6 /* LaunchScreen.storyboard */; };
		E2923A0A1D53192B0058BAC6 /* MFPlayerTests.m in Sources */ = {isa = PBXBuildFile; fileRef = E2923A091D53192B0058BAC6 /* MFPlayerTests.m */; };
		E2923A151D53192B0058BAC6 /* MFPlayerUITests.m in Sources */ = {isa = PBXBuildFile; fileRef = E2923A141D53192B0058BAC6 /* MFPlayerUITests.m */; };
		E2923A261D531EC00058BAC6 /* MFRootTabBarController.m in Sources */ = {isa = PBXBuildFile; fileRef = E2923A251D531EC00058BAC6 /* MFRootTabBarController.m */; };
		E2923A2A1D53270F0058BAC6 /* DataManager.m in Sources */ = {isa = PBXBuildFile; fileRef = E2923A291D53270F0058BAC6 /* DataManager.m */; };
		E2923A3E1D5328920058BAC6 /* clear@2x.png in Resources */ = {isa = PBXBuildFile; fileRef = E2923A2C1D5328920058BAC6 /* clear@2x.png */; };
		E2923A3F1D5328920058BAC6 /* close@2x.png in Resources */ = {isa = PBXBuildFile; fileRef = E2923A2D1D5328920058BAC6 /* close@2x.png */; };
		E2923A401D5328920058BAC6 /* found@2x.png in Resources */ = {isa = PBXBuildFile; fileRef = E2923A2E1D5328920058BAC6 /* found@2x.png */; };
		E2923A411D5328920058BAC6 /* found_s@2x.png in Resources */ = {isa = PBXBuildFile; fileRef = E2923A2F1D5328920058BAC6 /* found_s@2x.png */; };
		E2923A421D5328920058BAC6 /* logo.png in Resources */ = {isa = PBXBuildFile; fileRef = E2923A301D5328920058BAC6 /* logo.png */; };
		E2923A431D5328920058BAC6 /* message@2x.png in Resources */ = {isa = PBXBuildFile; fileRef = E2923A311D5328920058BAC6 /* message@2x.png */; };
		E2923A441D5328920058BAC6 /* message_s@2x.png in Resources */ = {isa = PBXBuildFile; fileRef = E2923A321D5328920058BAC6 /* message_s@2x.png */; };
		E2923A451D5328920058BAC6 /* play.png in Resources */ = {isa = PBXBuildFile; fileRef = E2923A331D5328920058BAC6 /* play.png */; };
		E2923A461D5328920058BAC6 /* playcount.png in Resources */ = {isa = PBXBuildFile; fileRef = E2923A341D5328920058BAC6 /* playcount.png */; };
		E2923A471D5328920058BAC6 /* share@2x.png in Resources */ = {isa = PBXBuildFile; fileRef = E2923A351D5328920058BAC6 /* share@2x.png */; };
		E2923A481D5328920058BAC6 /* share_s@2x.png in Resources */ = {isa = PBXBuildFile; fileRef = E2923A361D5328920058BAC6 /* share_s@2x.png */; };
		E2923A491D5328920058BAC6 /* tab_icon05@2x.png in Resources */ = {isa = PBXBuildFile; fileRef = E2923A371D5328920058BAC6 /* tab_icon05@2x.png */; };
		E2923A4A1D5328920058BAC6 /* tab_icon05@3x.png in Resources */ = {isa = PBXBuildFile; fileRef = E2923A381D5328920058BAC6 /* tab_icon05@3x.png */; };
		E2923A4B1D5328920058BAC6 /* tab_icon05_on@2x.png in Resources */ = {isa = PBXBuildFile; fileRef = E2923A391D5328920058BAC6 /* tab_icon05_on@2x.png */; };
		E2923A4C1D5328920058BAC6 /* tab_icon05_on@3x.png in Resources */ = {isa = PBXBuildFile; fileRef = E2923A3A1D5328920058BAC6 /* tab_icon05_on@3x.png */; };
		E2923A4D1D5328920058BAC6 /* time.png in Resources */ = {isa = PBXBuildFile; fileRef = E2923A3B1D5328920058BAC6 /* time.png */; };
		E2923A4E1D5328920058BAC6 /* video_play_btn_bg@2x.png in Resources */ = {isa = PBXBuildFile; fileRef = E2923A3C1D5328920058BAC6 /* video_play_btn_bg@2x.png */; };
		E2923A4F1D5328920058BAC6 /* WMPlayer.gif in Resources */ = {isa = PBXBuildFile; fileRef = E2923A3D1D5328920058BAC6 /* WMPlayer.gif */; };
		E2923A531D532B0B0058BAC6 /* SidModel.m in Sources */ = {isa = PBXBuildFile; fileRef = E2923A521D532B0B0058BAC6 /* SidModel.m */; };
		E2923A561D532B7F0058BAC6 /* VideoModel.m in Sources */ = {isa = PBXBuildFile; fileRef = E2923A551D532B7F0058BAC6 /* VideoModel.m */; };
		E2923A591D532DCF0058BAC6 /* BaseNavigationController.m in Sources */ = {isa = PBXBuildFile; fileRef = E2923A581D532DCF0058BAC6 /* BaseNavigationController.m */; };
		E2923A5C1D532DFF0058BAC6 /* BaseViewController.m in Sources */ = {isa = PBXBuildFile; fileRef = E2923A5B1D532DFF0058BAC6 /* BaseViewController.m */; };
		E2923A631D532FF40058BAC6 /* MBProgressHUD+Show.m in Sources */ = {isa = PBXBuildFile; fileRef = E2923A5F1D532FF40058BAC6 /* MBProgressHUD+Show.m */; };
		E2923A641D532FF40058BAC6 /* MBProgressHUD.bundle in Resources */ = {isa = PBXBuildFile; fileRef = E2923A601D532FF40058BAC6 /* MBProgressHUD.bundle */; };
		E2923A651D532FF40058BAC6 /* MBProgressHUD.m in Sources */ = {isa = PBXBuildFile; fileRef = E2923A621D532FF40058BAC6 /* MBProgressHUD.m */; };
		E2923A6E1D53323B0058BAC6 /* SinaViewController.m in Sources */ = {isa = PBXBuildFile; fileRef = E2923A6C1D53323B0058BAC6 /* SinaViewController.m */; };
		E2923A6F1D53323B0058BAC6 /* SinaViewController.xib in Resources */ = {isa = PBXBuildFile; fileRef = E2923A6D1D53323B0058BAC6 /* SinaViewController.xib */; };
		E2923A731D53326C0058BAC6 /* NetEaseViewController.m in Sources */ = {isa = PBXBuildFile; fileRef = E2923A711D53326C0058BAC6 /* NetEaseViewController.m */; };
		E2923A741D53326C0058BAC6 /* NetEaseViewController.xib in Resources */ = {isa = PBXBuildFile; fileRef = E2923A721D53326C0058BAC6 /* NetEaseViewController.xib */; };
		E2923A781D5333120058BAC6 /* PersonCenterViewController.m in Sources */ = {isa = PBXBuildFile; fileRef = E2923A761D5333120058BAC6 /* PersonCenterViewController.m */; };
		E2923A791D5333120058BAC6 /* PersonCenterViewController.xib in Resources */ = {isa = PBXBuildFile; fileRef = E2923A771D5333120058BAC6 /* PersonCenterViewController.xib */; };
/* End PBXBuildFile section */

/* Begin PBXContainerItemProxy section */
		E2923A061D53192B0058BAC6 /* PBXContainerItemProxy */ = {
			isa = PBXContainerItemProxy;
			containerPortal = E29239E41D53192B0058BAC6 /* Project object */;
			proxyType = 1;
			remoteGlobalIDString = E29239EB1D53192B0058BAC6;
			remoteInfo = MFPlayer;
		};
		E2923A111D53192B0058BAC6 /* PBXContainerItemProxy */ = {
			isa = PBXContainerItemProxy;
			containerPortal = E29239E41D53192B0058BAC6 /* Project object */;
			proxyType = 1;
			remoteGlobalIDString = E29239EB1D53192B0058BAC6;
			remoteInfo = MFPlayer;
		};
/* End PBXContainerItemProxy section */

/* Begin PBXFileReference section */
		25763D093DAB7F031B1F4FC6 /* Pods_MFPlayer.framework */ = {isa = PBXFileReference; explicitFileType = wrapper.framework; includeInIndex = 0; path = Pods_MFPlayer.framework; sourceTree = BUILT_PRODUCTS_DIR; };
		69DB5D6CF19AEF08028397B8 /* Pods-MFPlayer.release.xcconfig */ = {isa = PBXFileReference; includeInIndex = 1; lastKnownFileType = text.xcconfig; name = "Pods-MFPlayer.release.xcconfig"; path = "Pods/Target Support Files/Pods-MFPlayer/Pods-MFPlayer.release.xcconfig"; sourceTree = "<group>"; };
		A7B3E2C5B751F4E36AA8643B /* Pods-MFPlayer.debug.xcconfig */ = {isa = PBXFileReference; includeInIndex = 1; lastKnownFileType = text.xcconfig; name = "Pods-MFPlayer.debug.xcconfig"; path = "Pods/Target Support Files/Pods-MFPlayer/Pods-MFPlayer.debug.xcconfig"; sourceTree = "<group>"; };
		E22BA0371D533A92004DEDA4 /* TencentNewsViewController.h */ = {isa = PBXFileReference; fileEncoding = 4; lastKnownFileType = sourcecode.c.h; path = TencentNewsViewController.h; sourceTree = "<group>"; };
		E22BA0381D533A92004DEDA4 /* TencentNewsViewController.m */ = {isa = PBXFileReference; fileEncoding = 4; lastKnownFileType = sourcecode.c.objc; path = TencentNewsViewController.m; sourceTree = "<group>"; };
		E22BA0391D533A92004DEDA4 /* TencentNewsViewController.xib */ = {isa = PBXFileReference; fileEncoding = 4; lastKnownFileType = file.xib; path = TencentNewsViewController.xib; sourceTree = "<group>"; };
		E22BA03C1D533BD3004DEDA4 /* VideoCell.h */ = {isa = PBXFileReference; fileEncoding = 4; lastKnownFileType = sourcecode.c.h; path = VideoCell.h; sourceTree = "<group>"; };
		E22BA03D1D533BD3004DEDA4 /* VideoCell.m */ = {isa = PBXFileReference; fileEncoding = 4; lastKnownFileType = sourcecode.c.objc; path = VideoCell.m; sourceTree = "<group>"; };
		E22BA03E1D533BD3004DEDA4 /* VideoCell.xib */ = {isa = PBXFileReference; fileEncoding = 4; lastKnownFileType = file.xib; path = VideoCell.xib; sourceTree = "<group>"; };
		E22BA0421D53427F004DEDA4 /* MFPlayer.h */ = {isa = PBXFileReference; fileEncoding = 4; lastKnownFileType = sourcecode.c.h; path = MFPlayer.h; sourceTree = "<group>"; };
		E22BA0431D53427F004DEDA4 /* MFPlayer.m */ = {isa = PBXFileReference; fileEncoding = 4; lastKnownFileType = sourcecode.c.objc; path = MFPlayer.m; sourceTree = "<group>"; };
		E22BA0451D534C71004DEDA4 /* MFPlayer.bundle */ = {isa = PBXFileReference; lastKnownFileType = "wrapper.plug-in"; path = MFPlayer.bundle; sourceTree = "<group>"; };
		E29239EC1D53192B0058BAC6 /* MFPlayer.app */ = {isa = PBXFileReference; explicitFileType = wrapper.application; includeInIndex = 0; path = MFPlayer.app; sourceTree = BUILT_PRODUCTS_DIR; };
		E29239F01D53192B0058BAC6 /* main.m */ = {isa = PBXFileReference; lastKnownFileType = sourcecode.c.objc; path = main.m; sourceTree = "<group>"; };
		E29239F21D53192B0058BAC6 /* AppDelegate.h */ = {isa = PBXFileReference; lastKnownFileType = sourcecode.c.h; path = AppDelegate.h; sourceTree = "<group>"; };
		E29239F31D53192B0058BAC6 /* AppDelegate.m */ = {isa = PBXFileReference; lastKnownFileType = sourcecode.c.objc; path = AppDelegate.m; sourceTree = "<group>"; };
		E29239FB1D53192B0058BAC6 /* Assets.xcassets */ = {isa = PBXFileReference; lastKnownFileType = folder.assetcatalog; path = Assets.xcassets; sourceTree = "<group>"; };
		E29239FE1D53192B0058BAC6 /* Base */ = {isa = PBXFileReference; lastKnownFileType = file.storyboard; name = Base; path = Base.lproj/LaunchScreen.storyboard; sourceTree = "<group>"; };
		E2923A001D53192B0058BAC6 /* Info.plist */ = {isa = PBXFileReference; lastKnownFileType = text.plist.xml; path = Info.plist; sourceTree = "<group>"; };
		E2923A051D53192B0058BAC6 /* MFPlayerTests.xctest */ = {isa = PBXFileReference; explicitFileType = wrapper.cfbundle; includeInIndex = 0; path = MFPlayerTests.xctest; sourceTree = BUILT_PRODUCTS_DIR; };
		E2923A091D53192B0058BAC6 /* MFPlayerTests.m */ = {isa = PBXFileReference; lastKnownFileType = sourcecode.c.objc; path = MFPlayerTests.m; sourceTree = "<group>"; };
		E2923A0B1D53192B0058BAC6 /* Info.plist */ = {isa = PBXFileReference; lastKnownFileType = text.plist.xml; path = Info.plist; sourceTree = "<group>"; };
		E2923A101D53192B0058BAC6 /* MFPlayerUITests.xctest */ = {isa = PBXFileReference; explicitFileType = wrapper.cfbundle; includeInIndex = 0; path = MFPlayerUITests.xctest; sourceTree = BUILT_PRODUCTS_DIR; };
		E2923A141D53192B0058BAC6 /* MFPlayerUITests.m */ = {isa = PBXFileReference; lastKnownFileType = sourcecode.c.objc; path = MFPlayerUITests.m; sourceTree = "<group>"; };
		E2923A161D53192B0058BAC6 /* Info.plist */ = {isa = PBXFileReference; lastKnownFileType = text.plist.xml; path = Info.plist; sourceTree = "<group>"; };
		E2923A241D531EC00058BAC6 /* MFRootTabBarController.h */ = {isa = PBXFileReference; fileEncoding = 4; lastKnownFileType = sourcecode.c.h; path = MFRootTabBarController.h; sourceTree = "<group>"; };
		E2923A251D531EC00058BAC6 /* MFRootTabBarController.m */ = {isa = PBXFileReference; fileEncoding = 4; lastKnownFileType = sourcecode.c.objc; path = MFRootTabBarController.m; sourceTree = "<group>"; };
		E2923A281D53270F0058BAC6 /* DataManager.h */ = {isa = PBXFileReference; fileEncoding = 4; lastKnownFileType = sourcecode.c.h; path = DataManager.h; sourceTree = "<group>"; };
		E2923A291D53270F0058BAC6 /* DataManager.m */ = {isa = PBXFileReference; fileEncoding = 4; lastKnownFileType = sourcecode.c.objc; path = DataManager.m; sourceTree = "<group>"; };
		E2923A2C1D5328920058BAC6 /* clear@2x.png */ = {isa = PBXFileReference; lastKnownFileType = image.png; path = "clear@2x.png"; sourceTree = "<group>"; };
		E2923A2D1D5328920058BAC6 /* close@2x.png */ = {isa = PBXFileReference; lastKnownFileType = image.png; path = "close@2x.png"; sourceTree = "<group>"; };
		E2923A2E1D5328920058BAC6 /* found@2x.png */ = {isa = PBXFileReference; lastKnownFileType = image.png; path = "found@2x.png"; sourceTree = "<group>"; };
		E2923A2F1D5328920058BAC6 /* found_s@2x.png */ = {isa = PBXFileReference; lastKnownFileType = image.png; path = "found_s@2x.png"; sourceTree = "<group>"; };
		E2923A301D5328920058BAC6 /* logo.png */ = {isa = PBXFileReference; lastKnownFileType = image.png; path = logo.png; sourceTree = "<group>"; };
		E2923A311D5328920058BAC6 /* message@2x.png */ = {isa = PBXFileReference; lastKnownFileType = image.png; path = "message@2x.png"; sourceTree = "<group>"; };
		E2923A321D5328920058BAC6 /* message_s@2x.png */ = {isa = PBXFileReference; lastKnownFileType = image.png; path = "message_s@2x.png"; sourceTree = "<group>"; };
		E2923A331D5328920058BAC6 /* play.png */ = {isa = PBXFileReference; lastKnownFileType = image.png; path = play.png; sourceTree = "<group>"; };
		E2923A341D5328920058BAC6 /* playcount.png */ = {isa = PBXFileReference; lastKnownFileType = image.png; path = playcount.png; sourceTree = "<group>"; };
		E2923A351D5328920058BAC6 /* share@2x.png */ = {isa = PBXFileReference; lastKnownFileType = image.png; path = "share@2x.png"; sourceTree = "<group>"; };
		E2923A361D5328920058BAC6 /* share_s@2x.png */ = {isa = PBXFileReference; lastKnownFileType = image.png; path = "share_s@2x.png"; sourceTree = "<group>"; };
		E2923A371D5328920058BAC6 /* tab_icon05@2x.png */ = {isa = PBXFileReference; lastKnownFileType = image.png; path = "tab_icon05@2x.png"; sourceTree = "<group>"; };
		E2923A381D5328920058BAC6 /* tab_icon05@3x.png */ = {isa = PBXFileReference; lastKnownFileType = image.png; path = "tab_icon05@3x.png"; sourceTree = "<group>"; };
		E2923A391D5328920058BAC6 /* tab_icon05_on@2x.png */ = {isa = PBXFileReference; lastKnownFileType = image.png; path = "tab_icon05_on@2x.png"; sourceTree = "<group>"; };
		E2923A3A1D5328920058BAC6 /* tab_icon05_on@3x.png */ = {isa = PBXFileReference; lastKnownFileType = image.png; path = "tab_icon05_on@3x.png"; sourceTree = "<group>"; };
		E2923A3B1D5328920058BAC6 /* time.png */ = {isa = PBXFileReference; lastKnownFileType = image.png; path = time.png; sourceTree = "<group>"; };
		E2923A3C1D5328920058BAC6 /* video_play_btn_bg@2x.png */ = {isa = PBXFileReference; lastKnownFileType = image.png; path = "video_play_btn_bg@2x.png"; sourceTree = "<group>"; };
		E2923A3D1D5328920058BAC6 /* WMPlayer.gif */ = {isa = PBXFileReference; lastKnownFileType = image.gif; path = WMPlayer.gif; sourceTree = "<group>"; };
		E2923A511D532B0B0058BAC6 /* SidModel.h */ = {isa = PBXFileReference; fileEncoding = 4; lastKnownFileType = sourcecode.c.h; path = SidModel.h; sourceTree = "<group>"; };
		E2923A521D532B0B0058BAC6 /* SidModel.m */ = {isa = PBXFileReference; fileEncoding = 4; lastKnownFileType = sourcecode.c.objc; path = SidModel.m; sourceTree = "<group>"; };
		E2923A541D532B7F0058BAC6 /* VideoModel.h */ = {isa = PBXFileReference; fileEncoding = 4; lastKnownFileType = sourcecode.c.h; path = VideoModel.h; sourceTree = "<group>"; };
		E2923A551D532B7F0058BAC6 /* VideoModel.m */ = {isa = PBXFileReference; fileEncoding = 4; lastKnownFileType = sourcecode.c.objc; path = VideoModel.m; sourceTree = "<group>"; };
		E2923A571D532DCF0058BAC6 /* BaseNavigationController.h */ = {isa = PBXFileReference; fileEncoding = 4; lastKnownFileType = sourcecode.c.h; path = BaseNavigationController.h; sourceTree = "<group>"; };
		E2923A581D532DCF0058BAC6 /* BaseNavigationController.m */ = {isa = PBXFileReference; fileEncoding = 4; lastKnownFileType = sourcecode.c.objc; path = BaseNavigationController.m; sourceTree = "<group>"; };
		E2923A5A1D532DFF0058BAC6 /* BaseViewController.h */ = {isa = PBXFileReference; fileEncoding = 4; lastKnownFileType = sourcecode.c.h; path = BaseViewController.h; sourceTree = "<group>"; };
		E2923A5B1D532DFF0058BAC6 /* BaseViewController.m */ = {isa = PBXFileReference; fileEncoding = 4; lastKnownFileType = sourcecode.c.objc; path = BaseViewController.m; sourceTree = "<group>"; };
		E2923A5E1D532FF40058BAC6 /* MBProgressHUD+Show.h */ = {isa = PBXFileReference; fileEncoding = 4; lastKnownFileType = sourcecode.c.h; path = "MBProgressHUD+Show.h"; sourceTree = "<group>"; };
		E2923A5F1D532FF40058BAC6 /* MBProgressHUD+Show.m */ = {isa = PBXFileReference; fileEncoding = 4; lastKnownFileType = sourcecode.c.objc; path = "MBProgressHUD+Show.m"; sourceTree = "<group>"; };
		E2923A601D532FF40058BAC6 /* MBProgressHUD.bundle */ = {isa = PBXFileReference; lastKnownFileType = "wrapper.plug-in"; path = MBProgressHUD.bundle; sourceTree = "<group>"; };
		E2923A611D532FF40058BAC6 /* MBProgressHUD.h */ = {isa = PBXFileReference; fileEncoding = 4; lastKnownFileType = sourcecode.c.h; path = MBProgressHUD.h; sourceTree = "<group>"; };
		E2923A621D532FF40058BAC6 /* MBProgressHUD.m */ = {isa = PBXFileReference; fileEncoding = 4; lastKnownFileType = sourcecode.c.objc; path = MBProgressHUD.m; sourceTree = "<group>"; };
		E2923A6B1D53323B0058BAC6 /* SinaViewController.h */ = {isa = PBXFileReference; fileEncoding = 4; lastKnownFileType = sourcecode.c.h; path = SinaViewController.h; sourceTree = "<group>"; };
		E2923A6C1D53323B0058BAC6 /* SinaViewController.m */ = {isa = PBXFileReference; fileEncoding = 4; lastKnownFileType = sourcecode.c.objc; path = SinaViewController.m; sourceTree = "<group>"; };
		E2923A6D1D53323B0058BAC6 /* SinaViewController.xib */ = {isa = PBXFileReference; fileEncoding = 4; lastKnownFileType = file.xib; path = SinaViewController.xib; sourceTree = "<group>"; };
		E2923A701D53326C0058BAC6 /* NetEaseViewController.h */ = {isa = PBXFileReference; fileEncoding = 4; lastKnownFileType = sourcecode.c.h; path = NetEaseViewController.h; sourceTree = "<group>"; };
		E2923A711D53326C0058BAC6 /* NetEaseViewController.m */ = {isa = PBXFileReference; fileEncoding = 4; lastKnownFileType = sourcecode.c.objc; path = NetEaseViewController.m; sourceTree = "<group>"; };
		E2923A721D53326C0058BAC6 /* NetEaseViewController.xib */ = {isa = PBXFileReference; fileEncoding = 4; lastKnownFileType = file.xib; path = NetEaseViewController.xib; sourceTree = "<group>"; };
		E2923A751D5333120058BAC6 /* PersonCenterViewController.h */ = {isa = PBXFileReference; fileEncoding = 4; lastKnownFileType = sourcecode.c.h; path = PersonCenterViewController.h; sourceTree = "<group>"; };
		E2923A761D5333120058BAC6 /* PersonCenterViewController.m */ = {isa = PBXFileReference; fileEncoding = 4; lastKnownFileType = sourcecode.c.objc; path = PersonCenterViewController.m; sourceTree = "<group>"; };
		E2923A771D5333120058BAC6 /* PersonCenterViewController.xib */ = {isa = PBXFileReference; fileEncoding = 4; lastKnownFileType = file.xib; path = PersonCenterViewController.xib; sourceTree = "<group>"; };
/* End PBXFileReference section */

/* Begin PBXFrameworksBuildPhase section */
		E29239E91D53192B0058BAC6 /* Frameworks */ = {
			isa = PBXFrameworksBuildPhase;
			buildActionMask = 2147483647;
			files = (
				3FF62BB75047E41124DBD24E /* Pods_MFPlayer.framework in Frameworks */,
			);
			runOnlyForDeploymentPostprocessing = 0;
		};
		E2923A021D53192B0058BAC6 /* Frameworks */ = {
			isa = PBXFrameworksBuildPhase;
			buildActionMask = 2147483647;
			files = (
			);
			runOnlyForDeploymentPostprocessing = 0;
		};
		E2923A0D1D53192B0058BAC6 /* Frameworks */ = {
			isa = PBXFrameworksBuildPhase;
			buildActionMask = 2147483647;
			files = (
			);
			runOnlyForDeploymentPostprocessing = 0;
		};
/* End PBXFrameworksBuildPhase section */

/* Begin PBXGroup section */
		1C95B44561AD9F8731E823DE /* Frameworks */ = {
			isa = PBXGroup;
			children = (
				25763D093DAB7F031B1F4FC6 /* Pods_MFPlayer.framework */,
			);
			name = Frameworks;
			sourceTree = "<group>";
		};
		81A9A5C8296236E4E8B01A50 /* Pods */ = {
			isa = PBXGroup;
			children = (
				A7B3E2C5B751F4E36AA8643B /* Pods-MFPlayer.debug.xcconfig */,
				69DB5D6CF19AEF08028397B8 /* Pods-MFPlayer.release.xcconfig */,
			);
			name = Pods;
			sourceTree = "<group>";
		};
		E22BA0411D534254004DEDA4 /* Player */ = {
			isa = PBXGroup;
			children = (
				E22BA0451D534C71004DEDA4 /* MFPlayer.bundle */,
				E22BA0421D53427F004DEDA4 /* MFPlayer.h */,
				E22BA0431D53427F004DEDA4 /* MFPlayer.m */,
			);
			path = Player;
			sourceTree = "<group>";
		};
		E29239E31D53192B0058BAC6 = {
			isa = PBXGroup;
			children = (
				E29239EE1D53192B0058BAC6 /* MFPlayer */,
				E2923A081D53192B0058BAC6 /* MFPlayerTests */,
				E2923A131D53192B0058BAC6 /* MFPlayerUITests */,
				E29239ED1D53192B0058BAC6 /* Products */,
				81A9A5C8296236E4E8B01A50 /* Pods */,
				1C95B44561AD9F8731E823DE /* Frameworks */,
			);
			sourceTree = "<group>";
		};
		E29239ED1D53192B0058BAC6 /* Products */ = {
			isa = PBXGroup;
			children = (
				E29239EC1D53192B0058BAC6 /* MFPlayer.app */,
				E2923A051D53192B0058BAC6 /* MFPlayerTests.xctest */,
				E2923A101D53192B0058BAC6 /* MFPlayerUITests.xctest */,
			);
			name = Products;
			sourceTree = "<group>";
		};
		E29239EE1D53192B0058BAC6 /* MFPlayer */ = {
			isa = PBXGroup;
			children = (
				E22BA0411D534254004DEDA4 /* Player */,
				E2923A7A1D5334900058BAC6 /* View */,
				E2923A5D1D532FE80058BAC6 /* MBProgressHUD */,
				E2923A501D532AE90058BAC6 /* Model */,
				E2923A2B1D5328920058BAC6 /* Resource */,
				E2923A271D5326F80058BAC6 /* Helper */,
				E2923A231D531E340058BAC6 /* ViewControllers */,
				E2923A221D531E2D0058BAC6 /* UITabBarController */,
				E29239F21D53192B0058BAC6 /* AppDelegate.h */,
				E29239F31D53192B0058BAC6 /* AppDelegate.m */,
				E29239FB1D53192B0058BAC6 /* Assets.xcassets */,
				E29239FD1D53192B0058BAC6 /* LaunchScreen.storyboard */,
				E2923A001D53192B0058BAC6 /* Info.plist */,
				E29239EF1D53192B0058BAC6 /* Supporting Files */,
			);
			path = MFPlayer;
			sourceTree = "<group>";
		};
		E29239EF1D53192B0058BAC6 /* Supporting Files */ = {
			isa = PBXGroup;
			children = (
				E29239F01D53192B0058BAC6 /* main.m */,
			);
			name = "Supporting Files";
			sourceTree = "<group>";
		};
		E2923A081D53192B0058BAC6 /* MFPlayerTests */ = {
			isa = PBXGroup;
			children = (
				E2923A091D53192B0058BAC6 /* MFPlayerTests.m */,
				E2923A0B1D53192B0058BAC6 /* Info.plist */,
			);
			path = MFPlayerTests;
			sourceTree = "<group>";
		};
		E2923A131D53192B0058BAC6 /* MFPlayerUITests */ = {
			isa = PBXGroup;
			children = (
				E2923A141D53192B0058BAC6 /* MFPlayerUITests.m */,
				E2923A161D53192B0058BAC6 /* Info.plist */,
			);
			path = MFPlayerUITests;
			sourceTree = "<group>";
		};
		E2923A221D531E2D0058BAC6 /* UITabBarController */ = {
			isa = PBXGroup;
			children = (
				E2923A241D531EC00058BAC6 /* MFRootTabBarController.h */,
				E2923A251D531EC00058BAC6 /* MFRootTabBarController.m */,
			);
			path = UITabBarController;
			sourceTree = "<group>";
		};
		E2923A231D531E340058BAC6 /* ViewControllers */ = {
			isa = PBXGroup;
			children = (
				E2923A5A1D532DFF0058BAC6 /* BaseViewController.h */,
				E2923A5B1D532DFF0058BAC6 /* BaseViewController.m */,
				E2923A571D532DCF0058BAC6 /* BaseNavigationController.h */,
				E2923A581D532DCF0058BAC6 /* BaseNavigationController.m */,
				E22BA0371D533A92004DEDA4 /* TencentNewsViewController.h */,
				E22BA0381D533A92004DEDA4 /* TencentNewsViewController.m */,
				E22BA0391D533A92004DEDA4 /* TencentNewsViewController.xib */,
				E2923A6B1D53323B0058BAC6 /* SinaViewController.h */,
				E2923A6C1D53323B0058BAC6 /* SinaViewController.m */,
				E2923A6D1D53323B0058BAC6 /* SinaViewController.xib */,
				E2923A701D53326C0058BAC6 /* NetEaseViewController.h */,
				E2923A711D53326C0058BAC6 /* NetEaseViewController.m */,
				E2923A721D53326C0058BAC6 /* NetEaseViewController.xib */,
				E2923A751D5333120058BAC6 /* PersonCenterViewController.h */,
				E2923A761D5333120058BAC6 /* PersonCenterViewController.m */,
				E2923A771D5333120058BAC6 /* PersonCenterViewController.xib */,
			);
			path = ViewControllers;
			sourceTree = "<group>";
		};
		E2923A271D5326F80058BAC6 /* Helper */ = {
			isa = PBXGroup;
			children = (
				E2923A281D53270F0058BAC6 /* DataManager.h */,
				E2923A291D53270F0058BAC6 /* DataManager.m */,
			);
			path = Helper;
			sourceTree = "<group>";
		};
		E2923A2B1D5328920058BAC6 /* Resource */ = {
			isa = PBXGroup;
			children = (
				E2923A2C1D5328920058BAC6 /* clear@2x.png */,
				E2923A2D1D5328920058BAC6 /* close@2x.png */,
				E2923A2E1D5328920058BAC6 /* found@2x.png */,
				E2923A2F1D5328920058BAC6 /* found_s@2x.png */,
				E2923A301D5328920058BAC6 /* logo.png */,
				E2923A311D5328920058BAC6 /* message@2x.png */,
				E2923A321D5328920058BAC6 /* message_s@2x.png */,
				E2923A331D5328920058BAC6 /* play.png */,
				E2923A341D5328920058BAC6 /* playcount.png */,
				E2923A351D5328920058BAC6 /* share@2x.png */,
				E2923A361D5328920058BAC6 /* share_s@2x.png */,
				E2923A371D5328920058BAC6 /* tab_icon05@2x.png */,
				E2923A381D5328920058BAC6 /* tab_icon05@3x.png */,
				E2923A391D5328920058BAC6 /* tab_icon05_on@2x.png */,
				E2923A3A1D5328920058BAC6 /* tab_icon05_on@3x.png */,
				E2923A3B1D5328920058BAC6 /* time.png */,
				E2923A3C1D5328920058BAC6 /* video_play_btn_bg@2x.png */,
				E2923A3D1D5328920058BAC6 /* WMPlayer.gif */,
			);
			path = Resource;
			sourceTree = "<group>";
		};
		E2923A501D532AE90058BAC6 /* Model */ = {
			isa = PBXGroup;
			children = (
				E2923A541D532B7F0058BAC6 /* VideoModel.h */,
				E2923A551D532B7F0058BAC6 /* VideoModel.m */,
				E2923A511D532B0B0058BAC6 /* SidModel.h */,
				E2923A521D532B0B0058BAC6 /* SidModel.m */,
			);
			path = Model;
			sourceTree = "<group>";
		};
		E2923A5D1D532FE80058BAC6 /* MBProgressHUD */ = {
			isa = PBXGroup;
			children = (
				E2923A5E1D532FF40058BAC6 /* MBProgressHUD+Show.h */,
				E2923A5F1D532FF40058BAC6 /* MBProgressHUD+Show.m */,
				E2923A601D532FF40058BAC6 /* MBProgressHUD.bundle */,
				E2923A611D532FF40058BAC6 /* MBProgressHUD.h */,
				E2923A621D532FF40058BAC6 /* MBProgressHUD.m */,
			);
			path = MBProgressHUD;
			sourceTree = "<group>";
		};
		E2923A7A1D5334900058BAC6 /* View */ = {
			isa = PBXGroup;
			children = (
				E22BA03C1D533BD3004DEDA4 /* VideoCell.h */,
				E22BA03D1D533BD3004DEDA4 /* VideoCell.m */,
				E22BA03E1D533BD3004DEDA4 /* VideoCell.xib */,
			);
			path = View;
			sourceTree = "<group>";
		};
/* End PBXGroup section */

/* Begin PBXNativeTarget section */
		E29239EB1D53192B0058BAC6 /* MFPlayer */ = {
			isa = PBXNativeTarget;
			buildConfigurationList = E2923A191D53192B0058BAC6 /* Build configuration list for PBXNativeTarget "MFPlayer" */;
			buildPhases = (
				2603999539959667A6137D38 /* 📦 Check Pods Manifest.lock */,
				E29239E81D53192B0058BAC6 /* Sources */,
				E29239E91D53192B0058BAC6 /* Frameworks */,
				E29239EA1D53192B0058BAC6 /* Resources */,
				965FDB8BBDE960F9340EDA78 /* 📦 Embed Pods Frameworks */,
				2DB7FA372E9F1FDA26E4BEE0 /* 📦 Copy Pods Resources */,
			);
			buildRules = (
			);
			dependencies = (
			);
			name = MFPlayer;
			productName = MFPlayer;
			productReference = E29239EC1D53192B0058BAC6 /* MFPlayer.app */;
			productType = "com.apple.product-type.application";
		};
		E2923A041D53192B0058BAC6 /* MFPlayerTests */ = {
			isa = PBXNativeTarget;
			buildConfigurationList = E2923A1C1D53192B0058BAC6 /* Build configuration list for PBXNativeTarget "MFPlayerTests" */;
			buildPhases = (
				E2923A011D53192B0058BAC6 /* Sources */,
				E2923A021D53192B0058BAC6 /* Frameworks */,
				E2923A031D53192B0058BAC6 /* Resources */,
			);
			buildRules = (
			);
			dependencies = (
				E2923A071D53192B0058BAC6 /* PBXTargetDependency */,
			);
			name = MFPlayerTests;
			productName = MFPlayerTests;
			productReference = E2923A051D53192B0058BAC6 /* MFPlayerTests.xctest */;
			productType = "com.apple.product-type.bundle.unit-test";
		};
		E2923A0F1D53192B0058BAC6 /* MFPlayerUITests */ = {
			isa = PBXNativeTarget;
			buildConfigurationList = E2923A1F1D53192B0058BAC6 /* Build configuration list for PBXNativeTarget "MFPlayerUITests" */;
			buildPhases = (
				E2923A0C1D53192B0058BAC6 /* Sources */,
				E2923A0D1D53192B0058BAC6 /* Frameworks */,
				E2923A0E1D53192B0058BAC6 /* Resources */,
			);
			buildRules = (
			);
			dependencies = (
				E2923A121D53192B0058BAC6 /* PBXTargetDependency */,
			);
			name = MFPlayerUITests;
			productName = MFPlayerUITests;
			productReference = E2923A101D53192B0058BAC6 /* MFPlayerUITests.xctest */;
			productType = "com.apple.product-type.bundle.ui-testing";
		};
/* End PBXNativeTarget section */

/* Begin PBXProject section */
		E29239E41D53192B0058BAC6 /* Project object */ = {
			isa = PBXProject;
			attributes = {
				LastUpgradeCheck = 0730;
				ORGANIZATIONNAME = test;
				TargetAttributes = {
					E29239EB1D53192B0058BAC6 = {
						CreatedOnToolsVersion = 7.3;
					};
					E2923A041D53192B0058BAC6 = {
						CreatedOnToolsVersion = 7.3;
						TestTargetID = E29239EB1D53192B0058BAC6;
					};
					E2923A0F1D53192B0058BAC6 = {
						CreatedOnToolsVersion = 7.3;
						TestTargetID = E29239EB1D53192B0058BAC6;
					};
				};
			};
			buildConfigurationList = E29239E71D53192B0058BAC6 /* Build configuration list for PBXProject "MFPlayer" */;
			compatibilityVersion = "Xcode 3.2";
			developmentRegion = English;
			hasScannedForEncodings = 0;
			knownRegions = (
				en,
				Base,
			);
			mainGroup = E29239E31D53192B0058BAC6;
			productRefGroup = E29239ED1D53192B0058BAC6 /* Products */;
			projectDirPath = "";
			projectRoot = "";
			targets = (
				E29239EB1D53192B0058BAC6 /* MFPlayer */,
				E2923A041D53192B0058BAC6 /* MFPlayerTests */,
				E2923A0F1D53192B0058BAC6 /* MFPlayerUITests */,
			);
		};
/* End PBXProject section */

/* Begin PBXResourcesBuildPhase section */
		E29239EA1D53192B0058BAC6 /* Resources */ = {
			isa = PBXResourcesBuildPhase;
			buildActionMask = 2147483647;
			files = (
				E2923A4C1D5328920058BAC6 /* tab_icon05_on@3x.png in Resources */,
				E2923A4F1D5328920058BAC6 /* WMPlayer.gif in Resources */,
				E2923A431D5328920058BAC6 /* message@2x.png in Resources */,
				E22BA03B1D533A92004DEDA4 /* TencentNewsViewController.xib in Resources */,
				E2923A4D1D5328920058BAC6 /* time.png in Resources */,
				E2923A4B1D5328920058BAC6 /* tab_icon05_on@2x.png in Resources */,
				E22BA0461D534C71004DEDA4 /* MFPlayer.bundle in Resources */,
				E2923A4A1D5328920058BAC6 /* tab_icon05@3x.png in Resources */,
				E2923A451D5328920058BAC6 /* play.png in Resources */,
				E2923A441D5328920058BAC6 /* message_s@2x.png in Resources */,
				E2923A791D5333120058BAC6 /* PersonCenterViewController.xib in Resources */,
				E2923A401D5328920058BAC6 /* found@2x.png in Resources */,
				E2923A3E1D5328920058BAC6 /* clear@2x.png in Resources */,
				E2923A4E1D5328920058BAC6 /* video_play_btn_bg@2x.png in Resources */,
				E29239FF1D53192B0058BAC6 /* LaunchScreen.storyboard in Resources */,
				E2923A461D5328920058BAC6 /* playcount.png in Resources */,
				E22BA0401D533BD3004DEDA4 /* VideoCell.xib in Resources */,
				E29239FC1D53192B0058BAC6 /* Assets.xcassets in Resources */,
				E2923A741D53326C0058BAC6 /* NetEaseViewController.xib in Resources */,
				E2923A481D5328920058BAC6 /* share_s@2x.png in Resources */,
				E2923A471D5328920058BAC6 /* share@2x.png in Resources */,
				E2923A6F1D53323B0058BAC6 /* SinaViewController.xib in Resources */,
				E2923A421D5328920058BAC6 /* logo.png in Resources */,
				E2923A3F1D5328920058BAC6 /* close@2x.png in Resources */,
				E2923A491D5328920058BAC6 /* tab_icon05@2x.png in Resources */,
				E2923A411D5328920058BAC6 /* found_s@2x.png in Resources */,
				E2923A641D532FF40058BAC6 /* MBProgressHUD.bundle in Resources */,
			);
			runOnlyForDeploymentPostprocessing = 0;
		};
		E2923A031D53192B0058BAC6 /* Resources */ = {
			isa = PBXResourcesBuildPhase;
			buildActionMask = 2147483647;
			files = (
			);
			runOnlyForDeploymentPostprocessing = 0;
		};
		E2923A0E1D53192B0058BAC6 /* Resources */ = {
			isa = PBXResourcesBuildPhase;
			buildActionMask = 2147483647;
			files = (
			);
			runOnlyForDeploymentPostprocessing = 0;
		};
/* End PBXResourcesBuildPhase section */

/* Begin PBXShellScriptBuildPhase section */
		2603999539959667A6137D38 /* 📦 Check Pods Manifest.lock */ = {
			isa = PBXShellScriptBuildPhase;
			buildActionMask = 2147483647;
			files = (
			);
			inputPaths = (
			);
			name = "📦 Check Pods Manifest.lock";
			outputPaths = (
			);
			runOnlyForDeploymentPostprocessing = 0;
			shellPath = /bin/sh;
			shellScript = "diff \"${PODS_ROOT}/../Podfile.lock\" \"${PODS_ROOT}/Manifest.lock\" > /dev/null\nif [[ $? != 0 ]] ; then\n    cat << EOM\nerror: The sandbox is not in sync with the Podfile.lock. Run 'pod install' or update your CocoaPods installation.\nEOM\n    exit 1\nfi\n";
			showEnvVarsInLog = 0;
		};
		2DB7FA372E9F1FDA26E4BEE0 /* 📦 Copy Pods Resources */ = {
			isa = PBXShellScriptBuildPhase;
			buildActionMask = 2147483647;
			files = (
			);
			inputPaths = (
			);
			name = "📦 Copy Pods Resources";
			outputPaths = (
			);
			runOnlyForDeploymentPostprocessing = 0;
			shellPath = /bin/sh;
			shellScript = "\"${SRCROOT}/Pods/Target Support Files/Pods-MFPlayer/Pods-MFPlayer-resources.sh\"\n";
			showEnvVarsInLog = 0;
		};
		965FDB8BBDE960F9340EDA78 /* 📦 Embed Pods Frameworks */ = {
			isa = PBXShellScriptBuildPhase;
			buildActionMask = 2147483647;
			files = (
			);
			inputPaths = (
			);
			name = "📦 Embed Pods Frameworks";
			outputPaths = (
			);
			runOnlyForDeploymentPostprocessing = 0;
			shellPath = /bin/sh;
			shellScript = "\"${SRCROOT}/Pods/Target Support Files/Pods-MFPlayer/Pods-MFPlayer-frameworks.sh\"\n";
			showEnvVarsInLog = 0;
		};
/* End PBXShellScriptBuildPhase section */

/* Begin PBXSourcesBuildPhase section */
		E29239E81D53192B0058BAC6 /* Sources */ = {
			isa = PBXSourcesBuildPhase;
			buildActionMask = 2147483647;
			files = (
				E29239F41D53192B0058BAC6 /* AppDelegate.m in Sources */,
				E22BA03F1D533BD3004DEDA4 /* VideoCell.m in Sources */,
				E2923A5C1D532DFF0058BAC6 /* BaseViewController.m in Sources */,
				E2923A591D532DCF0058BAC6 /* BaseNavigationController.m in Sources */,
				E2923A731D53326C0058BAC6 /* NetEaseViewController.m in Sources */,
				E22BA0441D53427F004DEDA4 /* MFPlayer.m in Sources */,
				E2923A2A1D53270F0058BAC6 /* DataManager.m in Sources */,
				E2923A531D532B0B0058BAC6 /* SidModel.m in Sources */,
				E2923A781D5333120058BAC6 /* PersonCenterViewController.m in Sources */,
				E2923A261D531EC00058BAC6 /* MFRootTabBarController.m in Sources */,
				E29239F11D53192B0058BAC6 /* main.m in Sources */,
				E2923A651D532FF40058BAC6 /* MBProgressHUD.m in Sources */,
				E2923A561D532B7F0058BAC6 /* VideoModel.m in Sources */,
				E2923A6E1D53323B0058BAC6 /* SinaViewController.m in Sources */,
				E2923A631D532FF40058BAC6 /* MBProgressHUD+Show.m in Sources */,
				E22BA03A1D533A92004DEDA4 /* TencentNewsViewController.m in Sources */,
			);
			runOnlyForDeploymentPostprocessing = 0;
		};
		E2923A011D53192B0058BAC6 /* Sources */ = {
			isa = PBXSourcesBuildPhase;
			buildActionMask = 2147483647;
			files = (
				E2923A0A1D53192B0058BAC6 /* MFPlayerTests.m in Sources */,
			);
			runOnlyForDeploymentPostprocessing = 0;
		};
		E2923A0C1D53192B0058BAC6 /* Sources */ = {
			isa = PBXSourcesBuildPhase;
			buildActionMask = 2147483647;
			files = (
				E2923A151D53192B0058BAC6 /* MFPlayerUITests.m in Sources */,
			);
			runOnlyForDeploymentPostprocessing = 0;
		};
/* End PBXSourcesBuildPhase section */

/* Begin PBXTargetDependency section */
		E2923A071D53192B0058BAC6 /* PBXTargetDependency */ = {
			isa = PBXTargetDependency;
			target = E29239EB1D53192B0058BAC6 /* MFPlayer */;
			targetProxy = E2923A061D53192B0058BAC6 /* PBXContainerItemProxy */;
		};
		E2923A121D53192B0058BAC6 /* PBXTargetDependency */ = {
			isa = PBXTargetDependency;
			target = E29239EB1D53192B0058BAC6 /* MFPlayer */;
			targetProxy = E2923A111D53192B0058BAC6 /* PBXContainerItemProxy */;
		};
/* End PBXTargetDependency section */

/* Begin PBXVariantGroup section */
		E29239FD1D53192B0058BAC6 /* LaunchScreen.storyboard */ = {
			isa = PBXVariantGroup;
			children = (
				E29239FE1D53192B0058BAC6 /* Base */,
			);
			name = LaunchScreen.storyboard;
			sourceTree = "<group>";
		};
/* End PBXVariantGroup section */

/* Begin XCBuildConfiguration section */
		E2923A171D53192B0058BAC6 /* Debug */ = {
			isa = XCBuildConfiguration;
			buildSettings = {
				ALWAYS_SEARCH_USER_PATHS = NO;
				CLANG_ANALYZER_NONNULL = YES;
				CLANG_CXX_LANGUAGE_STANDARD = "gnu++0x";
				CLANG_CXX_LIBRARY = "libc++";
				CLANG_ENABLE_MODULES = YES;
				CLANG_ENABLE_OBJC_ARC = YES;
				CLANG_WARN_BOOL_CONVERSION = YES;
				CLANG_WARN_CONSTANT_CONVERSION = YES;
				CLANG_WARN_DIRECT_OBJC_ISA_USAGE = YES_ERROR;
				CLANG_WARN_EMPTY_BODY = YES;
				CLANG_WARN_ENUM_CONVERSION = YES;
				CLANG_WARN_INT_CONVERSION = YES;
				CLANG_WARN_OBJC_ROOT_CLASS = YES_ERROR;
				CLANG_WARN_UNREACHABLE_CODE = YES;
				CLANG_WARN__DUPLICATE_METHOD_MATCH = YES;
				"CODE_SIGN_IDENTITY[sdk=iphoneos*]" = "iPhone Developer";
				COPY_PHASE_STRIP = NO;
				DEBUG_INFORMATION_FORMAT = dwarf;
				ENABLE_STRICT_OBJC_MSGSEND = YES;
				ENABLE_TESTABILITY = YES;
				GCC_C_LANGUAGE_STANDARD = gnu99;
				GCC_DYNAMIC_NO_PIC = NO;
				GCC_NO_COMMON_BLOCKS = YES;
				GCC_OPTIMIZATION_LEVEL = 0;
				GCC_PREPROCESSOR_DEFINITIONS = (
					"DEBUG=1",
					"$(inherited)",
				);
				GCC_WARN_64_TO_32_BIT_CONVERSION = YES;
				GCC_WARN_ABOUT_RETURN_TYPE = YES_ERROR;
				GCC_WARN_UNDECLARED_SELECTOR = YES;
				GCC_WARN_UNINITIALIZED_AUTOS = YES_AGGRESSIVE;
				GCC_WARN_UNUSED_FUNCTION = YES;
				GCC_WARN_UNUSED_VARIABLE = YES;
				IPHONEOS_DEPLOYMENT_TARGET = 9.3;
				MTL_ENABLE_DEBUG_INFO = YES;
				ONLY_ACTIVE_ARCH = YES;
				SDKROOT = iphoneos;
				TARGETED_DEVICE_FAMILY = "1,2";
			};
			name = Debug;
		};
		E2923A181D53192B0058BAC6 /* Release */ = {
			isa = XCBuildConfiguration;
			buildSettings = {
				ALWAYS_SEARCH_USER_PATHS = NO;
				CLANG_ANALYZER_NONNULL = YES;
				CLANG_CXX_LANGUAGE_STANDARD = "gnu++0x";
				CLANG_CXX_LIBRARY = "libc++";
				CLANG_ENABLE_MODULES = YES;
				CLANG_ENABLE_OBJC_ARC = YES;
				CLANG_WARN_BOOL_CONVERSION = YES;
				CLANG_WARN_CONSTANT_CONVERSION = YES;
				CLANG_WARN_DIRECT_OBJC_ISA_USAGE = YES_ERROR;
				CLANG_WARN_EMPTY_BODY = YES;
				CLANG_WARN_ENUM_CONVERSION = YES;
				CLANG_WARN_INT_CONVERSION = YES;
				CLANG_WARN_OBJC_ROOT_CLASS = YES_ERROR;
				CLANG_WARN_UNREACHABLE_CODE = YES;
				CLANG_WARN__DUPLICATE_METHOD_MATCH = YES;
				"CODE_SIGN_IDENTITY[sdk=iphoneos*]" = "iPhone Developer";
				COPY_PHASE_STRIP = NO;
				DEBUG_INFORMATION_FORMAT = "dwarf-with-dsym";
				ENABLE_NS_ASSERTIONS = NO;
				ENABLE_STRICT_OBJC_MSGSEND = YES;
				GCC_C_LANGUAGE_STANDARD = gnu99;
				GCC_NO_COMMON_BLOCKS = YES;
				GCC_WARN_64_TO_32_BIT_CONVERSION = YES;
				GCC_WARN_ABOUT_RETURN_TYPE = YES_ERROR;
				GCC_WARN_UNDECLARED_SELECTOR = YES;
				GCC_WARN_UNINITIALIZED_AUTOS = YES_AGGRESSIVE;
				GCC_WARN_UNUSED_FUNCTION = YES;
				GCC_WARN_UNUSED_VARIABLE = YES;
				IPHONEOS_DEPLOYMENT_TARGET = 9.3;
				MTL_ENABLE_DEBUG_INFO = NO;
				SDKROOT = iphoneos;
				TARGETED_DEVICE_FAMILY = "1,2";
				VALIDATE_PRODUCT = YES;
			};
			name = Release;
		};
		E2923A1A1D53192B0058BAC6 /* Debug */ = {
			isa = XCBuildConfiguration;
			baseConfigurationReference = A7B3E2C5B751F4E36AA8643B /* Pods-MFPlayer.debug.xcconfig */;
			buildSettings = {
				ASSETCATALOG_COMPILER_APPICON_NAME = AppIcon;
				INFOPLIST_FILE = MFPlayer/Info.plist;
				IPHONEOS_DEPLOYMENT_TARGET = 8.0;
				LD_RUNPATH_SEARCH_PATHS = "$(inherited) @executable_path/Frameworks";
				PRODUCT_BUNDLE_IDENTIFIER = cc.MFPlayer;
				PRODUCT_NAME = "$(TARGET_NAME)";
			};
			name = Debug;
		};
		E2923A1B1D53192B0058BAC6 /* Release */ = {
			isa = XCBuildConfiguration;
			baseConfigurationReference = 69DB5D6CF19AEF08028397B8 /* Pods-MFPlayer.release.xcconfig */;
			buildSettings = {
				ASSETCATALOG_COMPILER_APPICON_NAME = AppIcon;
				INFOPLIST_FILE = MFPlayer/Info.plist;
				IPHONEOS_DEPLOYMENT_TARGET = 8.0;
				LD_RUNPATH_SEARCH_PATHS = "$(inherited) @executable_path/Frameworks";
				PRODUCT_BUNDLE_IDENTIFIER = cc.MFPlayer;
				PRODUCT_NAME = "$(TARGET_NAME)";
			};
			name = Release;
		};
		E2923A1D1D53192B0058BAC6 /* Debug */ = {
			isa = XCBuildConfiguration;
			buildSettings = {
				BUNDLE_LOADER = "$(TEST_HOST)";
				INFOPLIST_FILE = MFPlayerTests/Info.plist;
				LD_RUNPATH_SEARCH_PATHS = "$(inherited) @executable_path/Frameworks @loader_path/Frameworks";
				PRODUCT_BUNDLE_IDENTIFIER = cc.MFPlayerTests;
				PRODUCT_NAME = "$(TARGET_NAME)";
				TEST_HOST = "$(BUILT_PRODUCTS_DIR)/MFPlayer.app/MFPlayer";
			};
			name = Debug;
		};
		E2923A1E1D53192B0058BAC6 /* Release */ = {
			isa = XCBuildConfiguration;
			buildSettings = {
				BUNDLE_LOADER = "$(TEST_HOST)";
				INFOPLIST_FILE = MFPlayerTests/Info.plist;
				LD_RUNPATH_SEARCH_PATHS = "$(inherited) @executable_path/Frameworks @loader_path/Frameworks";
				PRODUCT_BUNDLE_IDENTIFIER = cc.MFPlayerTests;
				PRODUCT_NAME = "$(TARGET_NAME)";
				TEST_HOST = "$(BUILT_PRODUCTS_DIR)/MFPlayer.app/MFPlayer";
			};
			name = Release;
		};
		E2923A201D53192B0058BAC6 /* Debug */ = {
			isa = XCBuildConfiguration;
			buildSettings = {
				INFOPLIST_FILE = MFPlayerUITests/Info.plist;
				LD_RUNPATH_SEARCH_PATHS = "$(inherited) @executable_path/Frameworks @loader_path/Frameworks";
				PRODUCT_BUNDLE_IDENTIFIER = cc.MFPlayerUITests;
				PRODUCT_NAME = "$(TARGET_NAME)";
				TEST_TARGET_NAME = MFPlayer;
			};
			name = Debug;
		};
		E2923A211D53192B0058BAC6 /* Release */ = {
			isa = XCBuildConfiguration;
			buildSettings = {
				INFOPLIST_FILE = MFPlayerUITests/Info.plist;
				LD_RUNPATH_SEARCH_PATHS = "$(inherited) @executable_path/Frameworks @loader_path/Frameworks";
				PRODUCT_BUNDLE_IDENTIFIER = cc.MFPlayerUITests;
				PRODUCT_NAME = "$(TARGET_NAME)";
				TEST_TARGET_NAME = MFPlayer;
			};
			name = Release;
		};
/* End XCBuildConfiguration section */

/* Begin XCConfigurationList section */
		E29239E71D53192B0058BAC6 /* Build configuration list for PBXProject "MFPlayer" */ = {
			isa = XCConfigurationList;
			buildConfigurations = (
				E2923A171D53192B0058BAC6 /* Debug */,
				E2923A181D53192B0058BAC6 /* Release */,
			);
			defaultConfigurationIsVisible = 0;
			defaultConfigurationName = Release;
		};
		E2923A191D53192B0058BAC6 /* Build configuration list for PBXNativeTarget "MFPlayer" */ = {
			isa = XCConfigurationList;
			buildConfigurations = (
				E2923A1A1D53192B0058BAC6 /* Debug */,
				E2923A1B1D53192B0058BAC6 /* Release */,
			);
			defaultConfigurationIsVisible = 0;
			defaultConfigurationName = Release;
		};
		E2923A1C1D53192B0058BAC6 /* Build configuration list for PBXNativeTarget "MFPlayerTests" */ = {
			isa = XCConfigurationList;
			buildConfigurations = (
				E2923A1D1D53192B0058BAC6 /* Debug */,
				E2923A1E1D53192B0058BAC6 /* Release */,
			);
			defaultConfigurationIsVisible = 0;
			defaultConfigurationName = Release;
		};
		E2923A1F1D53192B0058BAC6 /* Build configuration list for PBXNativeTarget "MFPlayerUITests" */ = {
			isa = XCConfigurationList;
			buildConfigurations = (
				E2923A201D53192B0058BAC6 /* Debug */,
				E2923A211D53192B0058BAC6 /* Release */,
			);
			defaultConfigurationIsVisible = 0;
			defaultConfigurationName = Release;
		};
/* End XCConfigurationList section */
	};
	rootObject = E29239E41D53192B0058BAC6 /* Project object */;
}
